
Microsoft Visual Studio Solution File, Format Version 12.00
# Visual Studio 2012
Project("{8BC9CEB8-8B4A-11D0-8D11-00A0C91BC942}") = "simple_ir", "simple_ir\simple_ir.vcxproj", "{C33AF139-BA26-49A6-A35E-4A9D87F79DCC}"
EndProject
Global
	GlobalSection(SolutionConfigurationPlatforms) = preSolution
		Debug|Win32 = Debug|Win32
		Release|Win32 = Release|Win32
	EndGlobalSection
	GlobalSection(ProjectConfigurationPlatforms) = postSolution
		{C33AF139-BA26-49A6-A35E-4A9D87F79DCC}.Debug|Win32.ActiveCfg = Debug|Win32
		{C33AF139-BA26-49A6-A35E-4A9D87F79DCC}.Debug|Win32.Build.0 = Debug|Win32
		{C33AF139-BA26-49A6-A35E-4A9D87F79DCC}.Release|Win32.ActiveCfg = Release|Win32
		{C33AF139-BA26-49A6-A35E-4A9D87F79DCC}.Release|Win32.Build.0 = Release|Win32
	EndGlobalSection
	GlobalSection(SolutionProperties) = preSolution
		HideSolutionNode = FALSE
	EndGlobalSection
	GlobalSection(Performance) = preSolution
		HasPerformanceSessions = true
	EndGlobalSection
EndGlobal
